
Microsoft Visual Studio Solution File, Format Version 12.00
# Visual Studio 14
VisualStudioVersion = 14.0.25420.1
MinimumVisualStudioVersion = 10.0.40219.1
Project("{FAE04EC0-301F-11D3-BF4B-00C04F79EFBC}") = "MockComparison", "MockComparison\MockComparison.csproj", "{4FB5431E-F057-4831-B4A5-7BA1FC6ED545}"
EndProject
Project("{FAE04EC0-301F-11D3-BF4B-00C04F79EFBC}") = "SystemUnderTest", "SystemUnderTest\SystemUnderTest.csproj", "{7863F533-6416-46EC-B9BC-B8642A886A75}"
EndProject
Global
	GlobalSection(SolutionConfigurationPlatforms) = preSolution
		Debug|Any CPU = Debug|Any CPU
		Release|Any CPU = Release|Any CPU
	EndGlobalSection
	GlobalSection(ProjectConfigurationPlatforms) = postSolution
		{4FB5431E-F057-4831-B4A5-7BA1FC6ED545}.Debug|Any CPU.ActiveCfg = Debug|Any CPU
		{4FB5431E-F057-4831-B4A5-7BA1FC6ED545}.Debug|Any CPU.Build.0 = Debug|Any CPU
		{4FB5431E-F057-4831-B4A5-7BA1FC6ED545}.Release|Any CPU.ActiveCfg = Release|Any CPU
		{4FB5431E-F057-4831-B4A5-7BA1FC6ED545}.Release|Any CPU.Build.0 = Release|Any CPU
		{7863F533-6416-46EC-B9BC-B8642A886A75}.Debug|Any CPU.ActiveCfg = Debug|Any CPU
		{7863F533-6416-46EC-B9BC-B8642A886A75}.Debug|Any CPU.Build.0 = Debug|Any CPU
		{7863F533-6416-46EC-B9BC-B8642A886A75}.Release|Any CPU.ActiveCfg = Release|Any CPU
		{7863F533-6416-46EC-B9BC-B8642A886A75}.Release|Any CPU.Build.0 = Release|Any CPU
	EndGlobalSection
	GlobalSection(SolutionProperties) = preSolution
		HideSolutionNode = FALSE
	EndGlobalSection
EndGlobal
